{
  "name": "docs",
  "lockfileVersion": 3,
  "requires": true,
  "packages": {
    "": {
      "dependencies": {
        "darkreader": "^4.9.96"
      }
    },
    "node_modules/darkreader": {
      "version": "4.9.96",
      "resolved": "https://registry.npmjs.org/darkreader/-/darkreader-4.9.96.tgz",
      "integrity": "sha512-zda3BfSF9KRNee59pWZBMeblay0THGFPob9gf2UeUes8mIMM+bHKg0EyPTcSgHholyBwRAmpRMosmPl34YAoaA==",
      "license": "MIT",
      "dependencies": {
        "malevic": "0.20.2"
      },
      "funding": {
        "type": "opencollective",
        "url": "https://opencollective.com/darkreader/donate"
      }
    },
    "node_modules/malevic": {
      "version": "0.20.2",
      "resolved": "https://registry.npmjs.org/malevic/-/malevic-0.20.2.tgz",
      "integrity": "sha512-s44yEUyfDaONt7nPT7NDQ+Z2oAswErG70ok2Q95bJFh1Bdcn4dZQVMrLE02ZIjTtYfQ/LFOVxF+yB3bdGw/GtQ==",
      "license": "MIT"
    }
  }
}
